// !$*UTF8*$!
{
	archiveVersion = 1;
	classes = {
	};
	objectVersion = 46;
	objects = {

/* Begin PBXBuildFile section */
		253547F221E43BF800AEA8DE /* YQInitializationViewController.m in Sources */ = {isa = PBXBuildFile; fileRef = 253547F121E43BF800AEA8DE /* YQInitializationViewController.m */; };
		253547F721E43DE300AEA8DE /* YQPageManager.m in Sources */ = {isa = PBXBuildFile; fileRef = 253547F621E43DE300AEA8DE /* YQPageManager.m */; };
		2535480421E448D400AEA8DE /* InitializationUtil.m in Sources */ = {isa = PBXBuildFile; fileRef = 2535480321E448D400AEA8DE /* InitializationUtil.m */; };
		2535480921E44D5300AEA8DE /* YQUserLoginViewController.m in Sources */ = {isa = PBXBuildFile; fileRef = 2535480821E44D5300AEA8DE /* YQUserLoginViewController.m */; };
		2535482521E4761600AEA8DE /* UIColor+MainTheme.m in Sources */ = {isa = PBXBuildFile; fileRef = 2535482421E4761600AEA8DE /* UIColor+MainTheme.m */; };
		259E781C21ED74F0008B8FCC /* YQMainStartViewController.m in Sources */ = {isa = PBXBuildFile; fileRef = 259E781B21ED74F0008B8FCC /* YQMainStartViewController.m */; };
		259E782021ED7591008B8FCC /* YQSituationStartViewController.m in Sources */ = {isa = PBXBuildFile; fileRef = 259E781F21ED7591008B8FCC /* YQSituationStartViewController.m */; };
		58CE4B1B86425291E35171BF /* Pods_YQUIKit_Tests.framework in Frameworks */ = {isa = PBXBuildFile; fileRef = 200516B2DF299D6A8A660372 /* Pods_YQUIKit_Tests.framework */; };
		6003F58E195388D20070C39A /* Foundation.framework in Frameworks */ = {isa = PBXBuildFile; fileRef = 6003F58D195388D20070C39A /* Foundation.framework */; };
		6003F590195388D20070C39A /* CoreGraphics.framework in Frameworks */ = {isa = PBXBuildFile; fileRef = 6003F58F195388D20070C39A /* CoreGraphics.framework */; };
		6003F592195388D20070C39A /* UIKit.framework in Frameworks */ = {isa = PBXBuildFile; fileRef = 6003F591195388D20070C39A /* UIKit.framework */; };
		6003F598195388D20070C39A /* InfoPlist.strings in Resources */ = {isa = PBXBuildFile; fileRef = 6003F596195388D20070C39A /* InfoPlist.strings */; };
		6003F59A195388D20070C39A /* main.m in Sources */ = {isa = PBXBuildFile; fileRef = 6003F599195388D20070C39A /* main.m */; };
		6003F59E195388D20070C39A /* YQAppDelegate.m in Sources */ = {isa = PBXBuildFile; fileRef = 6003F59D195388D20070C39A /* YQAppDelegate.m */; };
		6003F5A7195388D20070C39A /* YQViewController.m in Sources */ = {isa = PBXBuildFile; fileRef = 6003F5A6195388D20070C39A /* YQViewController.m */; };
		6003F5A9195388D20070C39A /* Images.xcassets in Resources */ = {isa = PBXBuildFile; fileRef = 6003F5A8195388D20070C39A /* Images.xcassets */; };
		6003F5B0195388D20070C39A /* XCTest.framework in Frameworks */ = {isa = PBXBuildFile; fileRef = 6003F5AF195388D20070C39A /* XCTest.framework */; };
		6003F5B1195388D20070C39A /* Foundation.framework in Frameworks */ = {isa = PBXBuildFile; fileRef = 6003F58D195388D20070C39A /* Foundation.framework */; };
		6003F5B2195388D20070C39A /* UIKit.framework in Frameworks */ = {isa = PBXBuildFile; fileRef = 6003F591195388D20070C39A /* UIKit.framework */; };
		6003F5BA195388D20070C39A /* InfoPlist.strings in Resources */ = {isa = PBXBuildFile; fileRef = 6003F5B8195388D20070C39A /* InfoPlist.strings */; };
		6003F5BC195388D20070C39A /* Tests.m in Sources */ = {isa = PBXBuildFile; fileRef = 6003F5BB195388D20070C39A /* Tests.m */; };
		71719F9F1E33DC2100824A3D /* LaunchScreen.storyboard in Resources */ = {isa = PBXBuildFile; fileRef = 71719F9D1E33DC2100824A3D /* LaunchScreen.storyboard */; };
		FEFF21E839FF593E49D8A5E7 /* Pods_YQUIKit_Example.framework in Frameworks */ = {isa = PBXBuildFile; fileRef = DF29BCDC8CF7F7341AA71AF0 /* Pods_YQUIKit_Example.framework */; };
/* End PBXBuildFile section */

/* Begin PBXContainerItemProxy section */
		6003F5B3195388D20070C39A /* PBXContainerItemProxy */ = {
			isa = PBXContainerItemProxy;
			containerPortal = 6003F582195388D10070C39A /* Project object */;
			proxyType = 1;
			remoteGlobalIDString = 6003F589195388D20070C39A;
			remoteInfo = YQUIKit;
		};
/* End PBXContainerItemProxy section */

/* Begin PBXFileReference section */
		05A12E479F84755643258F44 /* YQUIKit.podspec */ = {isa = PBXFileReference; includeInIndex = 1; lastKnownFileType = text; name = YQUIKit.podspec; path = ../YQUIKit.podspec; sourceTree = "<group>"; xcLanguageSpecificationIdentifier = xcode.lang.ruby; };
		200516B2DF299D6A8A660372 /* Pods_YQUIKit_Tests.framework */ = {isa = PBXFileReference; explicitFileType = wrapper.framework; includeInIndex = 0; path = Pods_YQUIKit_Tests.framework; sourceTree = BUILT_PRODUCTS_DIR; };
		253547F021E43BF800AEA8DE /* YQInitializationViewController.h */ = {isa = PBXFileReference; lastKnownFileType = sourcecode.c.h; path = YQInitializationViewController.h; sourceTree = "<group>"; };
		253547F121E43BF800AEA8DE /* YQInitializationViewController.m */ = {isa = PBXFileReference; lastKnownFileType = sourcecode.c.objc; path = YQInitializationViewController.m; sourceTree = "<group>"; };
		253547F521E43DE300AEA8DE /* YQPageManager.h */ = {isa = PBXFileReference; lastKnownFileType = sourcecode.c.h; path = YQPageManager.h; sourceTree = "<group>"; };
		253547F621E43DE300AEA8DE /* YQPageManager.m */ = {isa = PBXFileReference; lastKnownFileType = sourcecode.c.objc; path = YQPageManager.m; sourceTree = "<group>"; };
		253547F821E43E1300AEA8DE /* CommonInc.h */ = {isa = PBXFileReference; lastKnownFileType = sourcecode.c.h; path = CommonInc.h; sourceTree = "<group>"; };
		2535480221E448D400AEA8DE /* InitializationUtil.h */ = {isa = PBXFileReference; lastKnownFileType = sourcecode.c.h; path = InitializationUtil.h; sourceTree = "<group>"; };
		2535480321E448D400AEA8DE /* InitializationUtil.m */ = {isa = PBXFileReference; lastKnownFileType = sourcecode.c.objc; path = InitializationUtil.m; sourceTree = "<group>"; };
		2535480721E44D5300AEA8DE /* YQUserLoginViewController.h */ = {isa = PBXFileReference; lastKnownFileType = sourcecode.c.h; path = YQUserLoginViewController.h; sourceTree = "<group>"; };
		2535480821E44D5300AEA8DE /* YQUserLoginViewController.m */ = {isa = PBXFileReference; lastKnownFileType = sourcecode.c.objc; path = YQUserLoginViewController.m; sourceTree = "<group>"; };
		2535482321E4761600AEA8DE /* UIColor+MainTheme.h */ = {isa = PBXFileReference; lastKnownFileType = sourcecode.c.h; path = "UIColor+MainTheme.h"; sourceTree = "<group>"; };
		2535482421E4761600AEA8DE /* UIColor+MainTheme.m */ = {isa = PBXFileReference; lastKnownFileType = sourcecode.c.objc; path = "UIColor+MainTheme.m"; sourceTree = "<group>"; };
		259E781A21ED74F0008B8FCC /* YQMainStartViewController.h */ = {isa = PBXFileReference; lastKnownFileType = sourcecode.c.h; path = YQMainStartViewController.h; sourceTree = "<group>"; };
		259E781B21ED74F0008B8FCC /* YQMainStartViewController.m */ = {isa = PBXFileReference; lastKnownFileType = sourcecode.c.objc; path = YQMainStartViewController.m; sourceTree = "<group>"; };
		259E781E21ED7591008B8FCC /* YQSituationStartViewController.h */ = {isa = PBXFileReference; lastKnownFileType = sourcecode.c.h; path = YQSituationStartViewController.h; sourceTree = "<group>"; };
		259E781F21ED7591008B8FCC /* YQSituationStartViewController.m */ = {isa = PBXFileReference; lastKnownFileType = sourcecode.c.objc; path = YQSituationStartViewController.m; sourceTree = "<group>"; };
		6003F58A195388D20070C39A /* YQUIKit_Example.app */ = {isa = PBXFileReference; explicitFileType = wrapper.application; includeInIndex = 0; path = YQUIKit_Example.app; sourceTree = BUILT_PRODUCTS_DIR; };
		6003F58D195388D20070C39A /* Foundation.framework */ = {isa = PBXFileReference; lastKnownFileType = wrapper.framework; name = Foundation.framework; path = System/Library/Frameworks/Foundation.framework; sourceTree = SDKROOT; };
		6003F58F195388D20070C39A /* CoreGraphics.framework */ = {isa = PBXFileReference; lastKnownFileType = wrapper.framework; name = CoreGraphics.framework; path = System/Library/Frameworks/CoreGraphics.framework; sourceTree = SDKROOT; };
		6003F591195388D20070C39A /* UIKit.framework */ = {isa = PBXFileReference; lastKnownFileType = wrapper.framework; name = UIKit.framework; path = System/Library/Frameworks/UIKit.framework; sourceTree = SDKROOT; };
		6003F595195388D20070C39A /* YQUIKit-Info.plist */ = {isa = PBXFileReference; lastKnownFileType = text.plist.xml; path = "YQUIKit-Info.plist"; sourceTree = "<group>"; };
		6003F597195388D20070C39A /* en */ = {isa = PBXFileReference; lastKnownFileType = text.plist.strings; name = en; path = en.lproj/InfoPlist.strings; sourceTree = "<group>"; };
		6003F599195388D20070C39A /* main.m */ = {isa = PBXFileReference; lastKnownFileType = sourcecode.c.objc; path = main.m; sourceTree = "<group>"; };
		6003F59B195388D20070C39A /* YQUIKit-Prefix.pch */ = {isa = PBXFileReference; lastKnownFileType = sourcecode.c.h; path = "YQUIKit-Prefix.pch"; sourceTree = "<group>"; };
		6003F59C195388D20070C39A /* YQAppDelegate.h */ = {isa = PBXFileReference; lastKnownFileType = sourcecode.c.h; path = YQAppDelegate.h; sourceTree = "<group>"; };
		6003F59D195388D20070C39A /* YQAppDelegate.m */ = {isa = PBXFileReference; lastKnownFileType = sourcecode.c.objc; path = YQAppDelegate.m; sourceTree = "<group>"; };
		6003F5A5195388D20070C39A /* YQViewController.h */ = {isa = PBXFileReference; lastKnownFileType = sourcecode.c.h; path = YQViewController.h; sourceTree = "<group>"; };
		6003F5A6195388D20070C39A /* YQViewController.m */ = {isa = PBXFileReference; lastKnownFileType = sourcecode.c.objc; path = YQViewController.m; sourceTree = "<group>"; };
		6003F5A8195388D20070C39A /* Images.xcassets */ = {isa = PBXFileReference; lastKnownFileType = folder.assetcatalog; path = Images.xcassets; sourceTree = "<group>"; };
		6003F5AE195388D20070C39A /* YQUIKit_Tests.xctest */ = {isa = PBXFileReference; explicitFileType = wrapper.cfbundle; includeInIndex = 0; path = YQUIKit_Tests.xctest; sourceTree = BUILT_PRODUCTS_DIR; };
		6003F5AF195388D20070C39A /* XCTest.framework */ = {isa = PBXFileReference; lastKnownFileType = wrapper.framework; name = XCTest.framework; path = Library/Frameworks/XCTest.framework; sourceTree = DEVELOPER_DIR; };
		6003F5B7195388D20070C39A /* Tests-Info.plist */ = {isa = PBXFileReference; lastKnownFileType = text.plist.xml; path = "Tests-Info.plist"; sourceTree = "<group>"; };
		6003F5B9195388D20070C39A /* en */ = {isa = PBXFileReference; lastKnownFileType = text.plist.strings; name = en; path = en.lproj/InfoPlist.strings; sourceTree = "<group>"; };
		6003F5BB195388D20070C39A /* Tests.m */ = {isa = PBXFileReference; lastKnownFileType = sourcecode.c.objc; path = Tests.m; sourceTree = "<group>"; };
		606FC2411953D9B200FFA9A0 /* Tests-Prefix.pch */ = {isa = PBXFileReference; lastKnownFileType = sourcecode.c.h; path = "Tests-Prefix.pch"; sourceTree = "<group>"; };
		71719F9E1E33DC2100824A3D /* Base */ = {isa = PBXFileReference; lastKnownFileType = file.storyboard; name = Base; path = Base.lproj/LaunchScreen.storyboard; sourceTree = "<group>"; };
		7C2B5DCD1FFEA7EFCF928749 /* LICENSE */ = {isa = PBXFileReference; includeInIndex = 1; lastKnownFileType = text; name = LICENSE; path = ../LICENSE; sourceTree = "<group>"; };
		8F8536605DC1B3E115D20029 /* Pods-YQUIKit_Tests.release.xcconfig */ = {isa = PBXFileReference; includeInIndex = 1; lastKnownFileType = text.xcconfig; name = "Pods-YQUIKit_Tests.release.xcconfig"; path = "Pods/Target Support Files/Pods-YQUIKit_Tests/Pods-YQUIKit_Tests.release.xcconfig"; sourceTree = "<group>"; };
		B3C40C8822C1819A4CBD365C /* Pods-YQUIKit_Example.release.xcconfig */ = {isa = PBXFileReference; includeInIndex = 1; lastKnownFileType = text.xcconfig; name = "Pods-YQUIKit_Example.release.xcconfig"; path = "Pods/Target Support Files/Pods-YQUIKit_Example/Pods-YQUIKit_Example.release.xcconfig"; sourceTree = "<group>"; };
		BD123FBAD651A7C130B2F592 /* Pods-YQUIKit_Example.debug.xcconfig */ = {isa = PBXFileReference; includeInIndex = 1; lastKnownFileType = text.xcconfig; name = "Pods-YQUIKit_Example.debug.xcconfig"; path = "Pods/Target Support Files/Pods-YQUIKit_Example/Pods-YQUIKit_Example.debug.xcconfig"; sourceTree = "<group>"; };
		DF29BCDC8CF7F7341AA71AF0 /* Pods_YQUIKit_Example.framework */ = {isa = PBXFileReference; explicitFileType = wrapper.framework; includeInIndex = 0; path = Pods_YQUIKit_Example.framework; sourceTree = BUILT_PRODUCTS_DIR; };
		E67D4826D0214E8553DAF5F7 /* Pods-YQUIKit_Tests.debug.xcconfig */ = {isa = PBXFileReference; includeInIndex = 1; lastKnownFileType = text.xcconfig; name = "Pods-YQUIKit_Tests.debug.xcconfig"; path = "Pods/Target Support Files/Pods-YQUIKit_Tests/Pods-YQUIKit_Tests.debug.xcconfig"; sourceTree = "<group>"; };
		F5231D7B5D6CB1255B209684 /* README.md */ = {isa = PBXFileReference; includeInIndex = 1; lastKnownFileType = net.daringfireball.markdown; name = README.md; path = ../README.md; sourceTree = "<group>"; };
/* End PBXFileReference section */

/* Begin PBXFrameworksBuildPhase section */
		6003F587195388D20070C39A /* Frameworks */ = {
			isa = PBXFrameworksBuildPhase;
			buildActionMask = 2147483647;
			files = (
				6003F590195388D20070C39A /* CoreGraphics.framework in Frameworks */,
				6003F592195388D20070C39A /* UIKit.framework in Frameworks */,
				6003F58E195388D20070C39A /* Foundation.framework in Frameworks */,
				FEFF21E839FF593E49D8A5E7 /* Pods_YQUIKit_Example.framework in Frameworks */,
			);
			runOnlyForDeploymentPostprocessing = 0;
		};
		6003F5AB195388D20070C39A /* Frameworks */ = {
			isa = PBXFrameworksBuildPhase;
			buildActionMask = 2147483647;
			files = (
				6003F5B0195388D20070C39A /* XCTest.framework in Frameworks */,
				6003F5B2195388D20070C39A /* UIKit.framework in Frameworks */,
				6003F5B1195388D20070C39A /* Foundation.framework in Frameworks */,
				58CE4B1B86425291E35171BF /* Pods_YQUIKit_Tests.framework in Frameworks */,
			);
			runOnlyForDeploymentPostprocessing = 0;
		};
/* End PBXFrameworksBuildPhase section */

/* Begin PBXGroup section */
		253547EE21E43BE200AEA8DE /* 初始化 */ = {
			isa = PBXGroup;
			children = (
				2535480121E4475E00AEA8DE /* Util */,
				253547EF21E43BE200AEA8DE /* UI */,
			);
			path = "初始化";
			sourceTree = "<group>";
		};
		253547EF21E43BE200AEA8DE /* UI */ = {
			isa = PBXGroup;
			children = (
				253547F021E43BF800AEA8DE /* YQInitializationViewController.h */,
				253547F121E43BF800AEA8DE /* YQInitializationViewController.m */,
			);
			path = UI;
			sourceTree = "<group>";
		};
		253547F321E43DC500AEA8DE /* Common */ = {
			isa = PBXGroup;
			children = (
				253547F421E43DC500AEA8DE /* PageManager */,
				253547F821E43E1300AEA8DE /* CommonInc.h */,
			);
			path = Common;
			sourceTree = "<group>";
		};
		253547F421E43DC500AEA8DE /* PageManager */ = {
			isa = PBXGroup;
			children = (
				253547F521E43DE300AEA8DE /* YQPageManager.h */,
				253547F621E43DE300AEA8DE /* YQPageManager.m */,
				2535482321E4761600AEA8DE /* UIColor+MainTheme.h */,
				2535482421E4761600AEA8DE /* UIColor+MainTheme.m */,
			);
			path = PageManager;
			sourceTree = "<group>";
		};
		2535480121E4475E00AEA8DE /* Util */ = {
			isa = PBXGroup;
			children = (
				2535480221E448D400AEA8DE /* InitializationUtil.h */,
				2535480321E448D400AEA8DE /* InitializationUtil.m */,
			);
			path = Util;
			sourceTree = "<group>";
		};
		2535480521E44D2F00AEA8DE /* 用户 */ = {
			isa = PBXGroup;
			children = (
				2535480621E44D3F00AEA8DE /* Pages */,
			);
			path = "用户";
			sourceTree = "<group>";
		};
		2535480621E44D3F00AEA8DE /* Pages */ = {
			isa = PBXGroup;
			children = (
				2535480721E44D5300AEA8DE /* YQUserLoginViewController.h */,
				2535480821E44D5300AEA8DE /* YQUserLoginViewController.m */,
			);
			path = Pages;
			sourceTree = "<group>";
		};
		259E781921ED74D8008B8FCC /* 首页 */ = {
			isa = PBXGroup;
			children = (
				259E781A21ED74F0008B8FCC /* YQMainStartViewController.h */,
				259E781B21ED74F0008B8FCC /* YQMainStartViewController.m */,
			);
			path = "首页";
			sourceTree = "<group>";
		};
		259E781D21ED7581008B8FCC /* 当天情况 */ = {
			isa = PBXGroup;
			children = (
				259E781E21ED7591008B8FCC /* YQSituationStartViewController.h */,
				259E781F21ED7591008B8FCC /* YQSituationStartViewController.m */,
			);
			path = "当天情况";
			sourceTree = "<group>";
		};
		3E265B71A45EDFEE2930EC63 /* Pods */ = {
			isa = PBXGroup;
			children = (
				BD123FBAD651A7C130B2F592 /* Pods-YQUIKit_Example.debug.xcconfig */,
				B3C40C8822C1819A4CBD365C /* Pods-YQUIKit_Example.release.xcconfig */,
				E67D4826D0214E8553DAF5F7 /* Pods-YQUIKit_Tests.debug.xcconfig */,
				8F8536605DC1B3E115D20029 /* Pods-YQUIKit_Tests.release.xcconfig */,
			);
			name = Pods;
			sourceTree = "<group>";
		};
		6003F581195388D10070C39A = {
			isa = PBXGroup;
			children = (
				60FF7A9C1954A5C5007DD14C /* Podspec Metadata */,
				6003F593195388D20070C39A /* Example for YQUIKit */,
				6003F5B5195388D20070C39A /* Tests */,
				6003F58C195388D20070C39A /* Frameworks */,
				6003F58B195388D20070C39A /* Products */,
				3E265B71A45EDFEE2930EC63 /* Pods */,
			);
			sourceTree = "<group>";
		};
		6003F58B195388D20070C39A /* Products */ = {
			isa = PBXGroup;
			children = (
				6003F58A195388D20070C39A /* YQUIKit_Example.app */,
				6003F5AE195388D20070C39A /* YQUIKit_Tests.xctest */,
			);
			name = Products;
			sourceTree = "<group>";
		};
		6003F58C195388D20070C39A /* Frameworks */ = {
			isa = PBXGroup;
			children = (
				6003F58D195388D20070C39A /* Foundation.framework */,
				6003F58F195388D20070C39A /* CoreGraphics.framework */,
				6003F591195388D20070C39A /* UIKit.framework */,
				6003F5AF195388D20070C39A /* XCTest.framework */,
				DF29BCDC8CF7F7341AA71AF0 /* Pods_YQUIKit_Example.framework */,
				200516B2DF299D6A8A660372 /* Pods_YQUIKit_Tests.framework */,
			);
			name = Frameworks;
			sourceTree = "<group>";
		};
		6003F593195388D20070C39A /* Example for YQUIKit */ = {
			isa = PBXGroup;
			children = (
				259E781D21ED7581008B8FCC /* 当天情况 */,
				259E781921ED74D8008B8FCC /* 首页 */,
				253547F321E43DC500AEA8DE /* Common */,
				2535480521E44D2F00AEA8DE /* 用户 */,
				253547EE21E43BE200AEA8DE /* 初始化 */,
				6003F59C195388D20070C39A /* YQAppDelegate.h */,
				6003F59D195388D20070C39A /* YQAppDelegate.m */,
				6003F5A5195388D20070C39A /* YQViewController.h */,
				6003F5A6195388D20070C39A /* YQViewController.m */,
				71719F9D1E33DC2100824A3D /* LaunchScreen.storyboard */,
				6003F5A8195388D20070C39A /* Images.xcassets */,
				6003F594195388D20070C39A /* Supporting Files */,
			);
			name = "Example for YQUIKit";
			path = YQUIKit;
			sourceTree = "<group>";
		};
		6003F594195388D20070C39A /* Supporting Files */ = {
			isa = PBXGroup;
			children = (
				6003F595195388D20070C39A /* YQUIKit-Info.plist */,
				6003F596195388D20070C39A /* InfoPlist.strings */,
				6003F599195388D20070C39A /* main.m */,
				6003F59B195388D20070C39A /* YQUIKit-Prefix.pch */,
			);
			name = "Supporting Files";
			sourceTree = "<group>";
		};
		6003F5B5195388D20070C39A /* Tests */ = {
			isa = PBXGroup;
			children = (
				6003F5BB195388D20070C39A /* Tests.m */,
				6003F5B6195388D20070C39A /* Supporting Files */,
			);
			path = Tests;
			sourceTree = "<group>";
		};
		6003F5B6195388D20070C39A /* Supporting Files */ = {
			isa = PBXGroup;
			children = (
				6003F5B7195388D20070C39A /* Tests-Info.plist */,
				6003F5B8195388D20070C39A /* InfoPlist.strings */,
				606FC2411953D9B200FFA9A0 /* Tests-Prefix.pch */,
			);
			name = "Supporting Files";
			sourceTree = "<group>";
		};
		60FF7A9C1954A5C5007DD14C /* Podspec Metadata */ = {
			isa = PBXGroup;
			children = (
				05A12E479F84755643258F44 /* YQUIKit.podspec */,
				F5231D7B5D6CB1255B209684 /* README.md */,
				7C2B5DCD1FFEA7EFCF928749 /* LICENSE */,
			);
			name = "Podspec Metadata";
			sourceTree = "<group>";
		};
/* End PBXGroup section */

/* Begin PBXNativeTarget section */
		6003F589195388D20070C39A /* YQUIKit_Example */ = {
			isa = PBXNativeTarget;
			buildConfigurationList = 6003F5BF195388D20070C39A /* Build configuration list for PBXNativeTarget "YQUIKit_Example" */;
			buildPhases = (
				07F3BACACFF9CA8A950607FE /* [CP] Check Pods Manifest.lock */,
				6003F586195388D20070C39A /* Sources */,
				6003F587195388D20070C39A /* Frameworks */,
				6003F588195388D20070C39A /* Resources */,
				0B42E7E4A6CAEC91A7F04554 /* [CP] Embed Pods Frameworks */,
				E5C3D6E8FBC5CB718045EE3B /* [CP] Copy Pods Resources */,
			);
			buildRules = (
			);
			dependencies = (
			);
			name = YQUIKit_Example;
			productName = YQUIKit;
			productReference = 6003F58A195388D20070C39A /* YQUIKit_Example.app */;
			productType = "com.apple.product-type.application";
		};
		6003F5AD195388D20070C39A /* YQUIKit_Tests */ = {
			isa = PBXNativeTarget;
			buildConfigurationList = 6003F5C2195388D20070C39A /* Build configuration list for PBXNativeTarget "YQUIKit_Tests" */;
			buildPhases = (
				AFA0D15981B8DFC7F99947F7 /* [CP] Check Pods Manifest.lock */,
				6003F5AA195388D20070C39A /* Sources */,
				6003F5AB195388D20070C39A /* Frameworks */,
				6003F5AC195388D20070C39A /* Resources */,
				4AB0B9965916ADF89BA4347D /* [CP] Embed Pods Frameworks */,
				8DB52AC04400CEE57C16827A /* [CP] Copy Pods Resources */,
			);
			buildRules = (
			);
			dependencies = (
				6003F5B4195388D20070C39A /* PBXTargetDependency */,
			);
			name = YQUIKit_Tests;
			productName = YQUIKitTests;
			productReference = 6003F5AE195388D20070C39A /* YQUIKit_Tests.xctest */;
			productType = "com.apple.product-type.bundle.unit-test";
		};
/* End PBXNativeTarget section */

/* Begin PBXProject section */
		6003F582195388D10070C39A /* Project object */ = {
			isa = PBXProject;
			attributes = {
				CLASSPREFIX = YQ;
				LastUpgradeCheck = 0920;
				ORGANIZATIONNAME = "richardyq@163.com";
				TargetAttributes = {
					6003F5AD195388D20070C39A = {
						TestTargetID = 6003F589195388D20070C39A;
					};
				};
			};
			buildConfigurationList = 6003F585195388D10070C39A /* Build configuration list for PBXProject "YQUIKit" */;
			compatibilityVersion = "Xcode 3.2";
			developmentRegion = English;
			hasScannedForEncodings = 0;
			knownRegions = (
				en,
				Base,
			);
			mainGroup = 6003F581195388D10070C39A;
			productRefGroup = 6003F58B195388D20070C39A /* Products */;
			projectDirPath = "";
			projectRoot = "";
			targets = (
				6003F589195388D20070C39A /* YQUIKit_Example */,
				6003F5AD195388D20070C39A /* YQUIKit_Tests */,
			);
		};
/* End PBXProject section */

/* Begin PBXResourcesBuildPhase section */
		6003F588195388D20070C39A /* Resources */ = {
			isa = PBXResourcesBuildPhase;
			buildActionMask = 2147483647;
			files = (
				71719F9F1E33DC2100824A3D /* LaunchScreen.storyboard in Resources */,
				6003F5A9195388D20070C39A /* Images.xcassets in Resources */,
				6003F598195388D20070C39A /* InfoPlist.strings in Resources */,
			);
			runOnlyForDeploymentPostprocessing = 0;
		};
		6003F5AC195388D20070C39A /* Resources */ = {
			isa = PBXResourcesBuildPhase;
			buildActionMask = 2147483647;
			files = (
				6003F5BA195388D20070C39A /* InfoPlist.strings in Resources */,
			);
			runOnlyForDeploymentPostprocessing = 0;
		};
/* End PBXResourcesBuildPhase section */

/* Begin PBXShellScriptBuildPhase section */
		07F3BACACFF9CA8A950607FE /* [CP] Check Pods Manifest.lock */ = {
			isa = PBXShellScriptBuildPhase;
			buildActionMask = 2147483647;
			files = (
			);
			inputPaths = (
				"${PODS_PODFILE_DIR_PATH}/Podfile.lock",
				"${PODS_ROOT}/Manifest.lock",
			);
			name = "[CP] Check Pods Manifest.lock";
			outputPaths = (
				"$(DERIVED_FILE_DIR)/Pods-YQUIKit_Example-checkManifestLockResult.txt",
			);
			runOnlyForDeploymentPostprocessing = 0;
			shellPath = /bin/sh;
			shellScript = "diff \"${PODS_PODFILE_DIR_PATH}/Podfile.lock\" \"${PODS_ROOT}/Manifest.lock\" > /dev/null\nif [ $? != 0 ] ; then\n    # print error to STDERR\n    echo \"error: The sandbox is not in sync with the Podfile.lock. Run 'pod install' or update your CocoaPods installation.\" >&2\n    exit 1\nfi\n# This output is used by Xcode 'outputs' to avoid re-running this script phase.\necho \"SUCCESS\" > \"${SCRIPT_OUTPUT_FILE_0}\"\n";
			showEnvVarsInLog = 0;
		};
		0B42E7E4A6CAEC91A7F04554 /* [CP] Embed Pods Frameworks */ = {
			isa = PBXShellScriptBuildPhase;
			buildActionMask = 2147483647;
			files = (
			);
			inputPaths = (
				"${SRCROOT}/Pods/Target Support Files/Pods-YQUIKit_Example/Pods-YQUIKit_Example-frameworks.sh",
				"${BUILT_PRODUCTS_DIR}/Masonry/Masonry.framework",
				"${BUILT_PRODUCTS_DIR}/YQUIKit/YQUIKit.framework",
				"${BUILT_PRODUCTS_DIR}/YYKit/YYKit.framework",
			);
			name = "[CP] Embed Pods Frameworks";
			outputPaths = (
				"${TARGET_BUILD_DIR}/${FRAMEWORKS_FOLDER_PATH}/Masonry.framework",
				"${TARGET_BUILD_DIR}/${FRAMEWORKS_FOLDER_PATH}/YQUIKit.framework",
				"${TARGET_BUILD_DIR}/${FRAMEWORKS_FOLDER_PATH}/YYKit.framework",
			);
			runOnlyForDeploymentPostprocessing = 0;
			shellPath = /bin/sh;
			shellScript = "\"${SRCROOT}/Pods/Target Support Files/Pods-YQUIKit_Example/Pods-YQUIKit_Example-frameworks.sh\"\n";
			showEnvVarsInLog = 0;
		};
		4AB0B9965916ADF89BA4347D /* [CP] Embed Pods Frameworks */ = {
			isa = PBXShellScriptBuildPhase;
			buildActionMask = 2147483647;
			files = (
			);
			inputPaths = (
			);
			name = "[CP] Embed Pods Frameworks";
			outputPaths = (
			);
			runOnlyForDeploymentPostprocessing = 0;
			shellPath = /bin/sh;
			shellScript = "\"${SRCROOT}/Pods/Target Support Files/Pods-YQUIKit_Tests/Pods-YQUIKit_Tests-frameworks.sh\"\n";
			showEnvVarsInLog = 0;
		};
		8DB52AC04400CEE57C16827A /* [CP] Copy Pods Resources */ = {
			isa = PBXShellScriptBuildPhase;
			buildActionMask = 2147483647;
			files = (
			);
			inputPaths = (
			);
			name = "[CP] Copy Pods Resources";
			outputPaths = (
			);
			runOnlyForDeploymentPostprocessing = 0;
			shellPath = /bin/sh;
			shellScript = "\"${SRCROOT}/Pods/Target Support Files/Pods-YQUIKit_Tests/Pods-YQUIKit_Tests-resources.sh\"\n";
			showEnvVarsInLog = 0;
		};
		AFA0D15981B8DFC7F99947F7 /* [CP] Check Pods Manifest.lock */ = {
			isa = PBXShellScriptBuildPhase;
			buildActionMask = 2147483647;
			files = (
			);
			inputPaths = (
				"${PODS_PODFILE_DIR_PATH}/Podfile.lock",
				"${PODS_ROOT}/Manifest.lock",
			);
			name = "[CP] Check Pods Manifest.lock";
			outputPaths = (
				"$(DERIVED_FILE_DIR)/Pods-YQUIKit_Tests-checkManifestLockResult.txt",
			);
			runOnlyForDeploymentPostprocessing = 0;
			shellPath = /bin/sh;
			shellScript = "diff \"${PODS_PODFILE_DIR_PATH}/Podfile.lock\" \"${PODS_ROOT}/Manifest.lock\" > /dev/null\nif [ $? != 0 ] ; then\n    # print error to STDERR\n    echo \"error: The sandbox is not in sync with the Podfile.lock. Run 'pod install' or update your CocoaPods installation.\" >&2\n    exit 1\nfi\n# This output is used by Xcode 'outputs' to avoid re-running this script phase.\necho \"SUCCESS\" > \"${SCRIPT_OUTPUT_FILE_0}\"\n";
			showEnvVarsInLog = 0;
		};
		E5C3D6E8FBC5CB718045EE3B /* [CP] Copy Pods Resources */ = {
			isa = PBXShellScriptBuildPhase;
			buildActionMask = 2147483647;
			files = (
			);
			inputPaths = (
			);
			name = "[CP] Copy Pods Resources";
			outputPaths = (
			);
			runOnlyForDeploymentPostprocessing = 0;
			shellPath = /bin/sh;
			shellScript = "\"${SRCROOT}/Pods/Target Support Files/Pods-YQUIKit_Example/Pods-YQUIKit_Example-resources.sh\"\n";
			showEnvVarsInLog = 0;
		};
/* End PBXShellScriptBuildPhase section */

/* Begin PBXSourcesBuildPhase section */
		6003F586195388D20070C39A /* Sources */ = {
			isa = PBXSourcesBuildPhase;
			buildActionMask = 2147483647;
			files = (
				253547F721E43DE300AEA8DE /* YQPageManager.m in Sources */,
				253547F221E43BF800AEA8DE /* YQInitializationViewController.m in Sources */,
				6003F59E195388D20070C39A /* YQAppDelegate.m in Sources */,
				2535480421E448D400AEA8DE /* InitializationUtil.m in Sources */,
				6003F5A7195388D20070C39A /* YQViewController.m in Sources */,
				2535480921E44D5300AEA8DE /* YQUserLoginViewController.m in Sources */,
				259E782021ED7591008B8FCC /* YQSituationStartViewController.m in Sources */,
				2535482521E4761600AEA8DE /* UIColor+MainTheme.m in Sources */,
				6003F59A195388D20070C39A /* main.m in Sources */,
				259E781C21ED74F0008B8FCC /* YQMainStartViewController.m in Sources */,
			);
			runOnlyForDeploymentPostprocessing = 0;
		};
		6003F5AA195388D20070C39A /* Sources */ = {
			isa = PBXSourcesBuildPhase;
			buildActionMask = 2147483647;
			files = (
				6003F5BC195388D20070C39A /* Tests.m in Sources */,
			);
			runOnlyForDeploymentPostprocessing = 0;
		};
/* End PBXSourcesBuildPhase section */

/* Begin PBXTargetDependency section */
		6003F5B4195388D20070C39A /* PBXTargetDependency */ = {
			isa = PBXTargetDependency;
			target = 6003F589195388D20070C39A /* YQUIKit_Example */;
			targetProxy = 6003F5B3195388D20070C39A /* PBXContainerItemProxy */;
		};
/* End PBXTargetDependency section */

/* Begin PBXVariantGroup section */
		6003F596195388D20070C39A /* InfoPlist.strings */ = {
			isa = PBXVariantGroup;
			children = (
				6003F597195388D20070C39A /* en */,
			);
			name = InfoPlist.strings;
			sourceTree = "<group>";
		};
		6003F5B8195388D20070C39A /* InfoPlist.strings */ = {
			isa = PBXVariantGroup;
			children = (
				6003F5B9195388D20070C39A /* en */,
			);
			name = InfoPlist.strings;
			sourceTree = "<group>";
		};
		71719F9D1E33DC2100824A3D /* LaunchScreen.storyboard */ = {
			isa = PBXVariantGroup;
			children = (
				71719F9E1E33DC2100824A3D /* Base */,
			);
			name = LaunchScreen.storyboard;
			sourceTree = "<group>";
		};
/* End PBXVariantGroup section */

/* Begin XCBuildConfiguration section */
		6003F5BD195388D20070C39A /* Debug */ = {
			isa = XCBuildConfiguration;
			buildSettings = {
				ALWAYS_SEARCH_USER_PATHS = NO;
				CLANG_CXX_LANGUAGE_STANDARD = "gnu++0x";
				CLANG_CXX_LIBRARY = "libc++";
				CLANG_ENABLE_MODULES = YES;
				CLANG_ENABLE_OBJC_ARC = YES;
				CLANG_WARN_BLOCK_CAPTURE_AUTORELEASING = YES;
				CLANG_WARN_BOOL_CONVERSION = YES;
				CLANG_WARN_COMMA = YES;
				CLANG_WARN_CONSTANT_CONVERSION = YES;
				CLANG_WARN_DIRECT_OBJC_ISA_USAGE = YES_ERROR;
				CLANG_WARN_EMPTY_BODY = YES;
				CLANG_WARN_ENUM_CONVERSION = YES;
				CLANG_WARN_INFINITE_RECURSION = YES;
				CLANG_WARN_INT_CONVERSION = YES;
				CLANG_WARN_NON_LITERAL_NULL_CONVERSION = YES;
				CLANG_WARN_OBJC_LITERAL_CONVERSION = YES;
				CLANG_WARN_OBJC_ROOT_CLASS = YES_ERROR;
				CLANG_WARN_RANGE_LOOP_ANALYSIS = YES;
				CLANG_WARN_STRICT_PROTOTYPES = YES;
				CLANG_WARN_SUSPICIOUS_MOVE = YES;
				CLANG_WARN_UNREACHABLE_CODE = YES;
				CLANG_WARN__DUPLICATE_METHOD_MATCH = YES;
				"CODE_SIGN_IDENTITY[sdk=iphoneos*]" = "iPhone Developer";
				COPY_PHASE_STRIP = NO;
				ENABLE_STRICT_OBJC_MSGSEND = YES;
				ENABLE_TESTABILITY = YES;
				GCC_C_LANGUAGE_STANDARD = gnu99;
				GCC_DYNAMIC_NO_PIC = NO;
				GCC_NO_COMMON_BLOCKS = YES;
				GCC_OPTIMIZATION_LEVEL = 0;
				GCC_PREPROCESSOR_DEFINITIONS = (
					"DEBUG=1",
					"$(inherited)",
				);
				GCC_SYMBOLS_PRIVATE_EXTERN = NO;
				GCC_WARN_64_TO_32_BIT_CONVERSION = YES;
				GCC_WARN_ABOUT_RETURN_TYPE = YES_ERROR;
				GCC_WARN_UNDECLARED_SELECTOR = YES;
				GCC_WARN_UNINITIALIZED_AUTOS = YES_AGGRESSIVE;
				GCC_WARN_UNUSED_FUNCTION = YES;
				GCC_WARN_UNUSED_VARIABLE = YES;
				IPHONEOS_DEPLOYMENT_TARGET = 9.3;
				ONLY_ACTIVE_ARCH = YES;
				SDKROOT = iphoneos;
				TARGETED_DEVICE_FAMILY = "1,2";
			};
			name = Debug;
		};
		6003F5BE195388D20070C39A /* Release */ = {
			isa = XCBuildConfiguration;
			buildSettings = {
				ALWAYS_SEARCH_USER_PATHS = NO;
				CLANG_CXX_LANGUAGE_STANDARD = "gnu++0x";
				CLANG_CXX_LIBRARY = "libc++";
				CLANG_ENABLE_MODULES = YES;
				CLANG_ENABLE_OBJC_ARC = YES;
				CLANG_WARN_BLOCK_CAPTURE_AUTORELEASING = YES;
				CLANG_WARN_BOOL_CONVERSION = YES;
				CLANG_WARN_COMMA = YES;
				CLANG_WARN_CONSTANT_CONVERSION = YES;
				CLANG_WARN_DIRECT_OBJC_ISA_USAGE = YES_ERROR;
				CLANG_WARN_EMPTY_BODY = YES;
				CLANG_WARN_ENUM_CONVERSION = YES;
				CLANG_WARN_INFINITE_RECURSION = YES;
				CLANG_WARN_INT_CONVERSION = YES;
				CLANG_WARN_NON_LITERAL_NULL_CONVERSION = YES;
				CLANG_WARN_OBJC_LITERAL_CONVERSION = YES;
				CLANG_WARN_OBJC_ROOT_CLASS = YES_ERROR;
				CLANG_WARN_RANGE_LOOP_ANALYSIS = YES;
				CLANG_WARN_STRICT_PROTOTYPES = YES;
				CLANG_WARN_SUSPICIOUS_MOVE = YES;
				CLANG_WARN_UNREACHABLE_CODE = YES;
				CLANG_WARN__DUPLICATE_METHOD_MATCH = YES;
				"CODE_SIGN_IDENTITY[sdk=iphoneos*]" = "iPhone Developer";
				COPY_PHASE_STRIP = YES;
				ENABLE_NS_ASSERTIONS = NO;
				ENABLE_STRICT_OBJC_MSGSEND = YES;
				GCC_C_LANGUAGE_STANDARD = gnu99;
				GCC_NO_COMMON_BLOCKS = YES;
				GCC_WARN_64_TO_32_BIT_CONVERSION = YES;
				GCC_WARN_ABOUT_RETURN_TYPE = YES_ERROR;
				GCC_WARN_UNDECLARED_SELECTOR = YES;
				GCC_WARN_UNINITIALIZED_AUTOS = YES_AGGRESSIVE;
				GCC_WARN_UNUSED_FUNCTION = YES;
				GCC_WARN_UNUSED_VARIABLE = YES;
				IPHONEOS_DEPLOYMENT_TARGET = 9.3;
				SDKROOT = iphoneos;
				TARGETED_DEVICE_FAMILY = "1,2";
				VALIDATE_PRODUCT = YES;
			};
			name = Release;
		};
		6003F5C0195388D20070C39A /* Debug */ = {
			isa = XCBuildConfiguration;
			baseConfigurationReference = BD123FBAD651A7C130B2F592 /* Pods-YQUIKit_Example.debug.xcconfig */;
			buildSettings = {
				ASSETCATALOG_COMPILER_APPICON_NAME = AppIcon;
				GCC_PRECOMPILE_PREFIX_HEADER = YES;
				GCC_PREFIX_HEADER = "YQUIKit/YQUIKit-Prefix.pch";
				INFOPLIST_FILE = "YQUIKit/YQUIKit-Info.plist";
				MODULE_NAME = ExampleApp;
				PRODUCT_BUNDLE_IDENTIFIER = "org.cocoapods.demo.${PRODUCT_NAME:rfc1034identifier}";
				PRODUCT_NAME = "$(TARGET_NAME)";
				WRAPPER_EXTENSION = app;
			};
			name = Debug;
		};
		6003F5C1195388D20070C39A /* Release */ = {
			isa = XCBuildConfiguration;
			baseConfigurationReference = B3C40C8822C1819A4CBD365C /* Pods-YQUIKit_Example.release.xcconfig */;
			buildSettings = {
				ASSETCATALOG_COMPILER_APPICON_NAME = AppIcon;
				GCC_PRECOMPILE_PREFIX_HEADER = YES;
				GCC_PREFIX_HEADER = "YQUIKit/YQUIKit-Prefix.pch";
				INFOPLIST_FILE = "YQUIKit/YQUIKit-Info.plist";
				MODULE_NAME = ExampleApp;
				PRODUCT_BUNDLE_IDENTIFIER = "org.cocoapods.demo.${PRODUCT_NAME:rfc1034identifier}";
				PRODUCT_NAME = "$(TARGET_NAME)";
				WRAPPER_EXTENSION = app;
			};
			name = Release;
		};
		6003F5C3195388D20070C39A /* Debug */ = {
			isa = XCBuildConfiguration;
			baseConfigurationReference = E67D4826D0214E8553DAF5F7 /* Pods-YQUIKit_Tests.debug.xcconfig */;
			buildSettings = {
				BUNDLE_LOADER = "$(TEST_HOST)";
				FRAMEWORK_SEARCH_PATHS = (
					"$(SDKROOT)/Developer/Library/Frameworks",
					"$(inherited)",
					"$(DEVELOPER_FRAMEWORKS_DIR)",
				);
				GCC_PRECOMPILE_PREFIX_HEADER = YES;
				GCC_PREFIX_HEADER = "Tests/Tests-Prefix.pch";
				GCC_PREPROCESSOR_DEFINITIONS = (
					"DEBUG=1",
					"$(inherited)",
				);
				INFOPLIST_FILE = "Tests/Tests-Info.plist";
				PRODUCT_BUNDLE_IDENTIFIER = "org.cocoapods.demo.${PRODUCT_NAME:rfc1034identifier}";
				PRODUCT_NAME = "$(TARGET_NAME)";
				TEST_HOST = "$(BUILT_PRODUCTS_DIR)/YQUIKit_Example.app/YQUIKit_Example";
				WRAPPER_EXTENSION = xctest;
			};
			name = Debug;
		};
		6003F5C4195388D20070C39A /* Release */ = {
			isa = XCBuildConfiguration;
			baseConfigurationReference = 8F8536605DC1B3E115D20029 /* Pods-YQUIKit_Tests.release.xcconfig */;
			buildSettings = {
				BUNDLE_LOADER = "$(TEST_HOST)";
				FRAMEWORK_SEARCH_PATHS = (
					"$(SDKROOT)/Developer/Library/Frameworks",
					"$(inherited)",
					"$(DEVELOPER_FRAMEWORKS_DIR)",
				);
				GCC_PRECOMPILE_PREFIX_HEADER = YES;
				GCC_PREFIX_HEADER = "Tests/Tests-Prefix.pch";
				INFOPLIST_FILE = "Tests/Tests-Info.plist";
				PRODUCT_BUNDLE_IDENTIFIER = "org.cocoapods.demo.${PRODUCT_NAME:rfc1034identifier}";
				PRODUCT_NAME = "$(TARGET_NAME)";
				TEST_HOST = "$(BUILT_PRODUCTS_DIR)/YQUIKit_Example.app/YQUIKit_Example";
				WRAPPER_EXTENSION = xctest;
			};
			name = Release;
		};
/* End XCBuildConfiguration section */

/* Begin XCConfigurationList section */
		6003F585195388D10070C39A /* Build configuration list for PBXProject "YQUIKit" */ = {
			isa = XCConfigurationList;
			buildConfigurations = (
				6003F5BD195388D20070C39A /* Debug */,
				6003F5BE195388D20070C39A /* Release */,
			);
			defaultConfigurationIsVisible = 0;
			defaultConfigurationName = Release;
		};
		6003F5BF195388D20070C39A /* Build configuration list for PBXNativeTarget "YQUIKit_Example" */ = {
			isa = XCConfigurationList;
			buildConfigurations = (
				6003F5C0195388D20070C39A /* Debug */,
				6003F5C1195388D20070C39A /* Release */,
			);
			defaultConfigurationIsVisible = 0;
			defaultConfigurationName = Release;
		};
		6003F5C2195388D20070C39A /* Build configuration list for PBXNativeTarget "YQUIKit_Tests" */ = {
			isa = XCConfigurationList;
			buildConfigurations = (
				6003F5C3195388D20070C39A /* Debug */,
				6003F5C4195388D20070C39A /* Release */,
			);
			defaultConfigurationIsVisible = 0;
			defaultConfigurationName = Release;
		};
/* End XCConfigurationList section */
	};
	rootObject = 6003F582195388D10070C39A /* Project object */;
}
